# This file is generated by running "yarn install" inside your project.
# Manual changes might be lost - proceed with caution!

__metadata:
  version: 4
  cacheKey: 7

"vuejs@https://github.com/vuejs/vue.git":
  version: 2.5.0
  resolution: "vuejs@https://github.com/vuejs/vue.git#commit=0948d999f2fddf9f90991956493f976273c5da1f"
  checksum: 34739eba9e89a7368f833e52e8d0219c1adb7f9e63ab52b862534b8cafcee8f70e2053e28fe6065a66d5ea78b6e852347d377dfde85083f2ecf1ea642e7a3ad4
  languageName: node
  linkType: hard

"yarn-parser@workspace:.":
  version: 0.0.0-use.local
  resolution: "yarn-parser@workspace:."
  dependencies:
    vuejs: "https://github.com/vuejs/vue.git"
  languageName: unknown
  linkType: soft
