# This file is generated by running "yarn install" inside your project.
# Manual changes might be lost - proceed with caution!

__metadata:
  version: 4
  cacheKey: 7

"@yarnpkg/lockfile@npm:^1.0.0":
  version: 1.1.0
  resolution: "@yarnpkg/lockfile@npm:1.1.0"
  checksum: 76f3f2625334fb4d37881408643b61ae08e1cfcdeb5db3e3e92f626b3535f99e963df8bafe5c07d85aa1dd09a308939eb4d0667ed4a4e93e645417b6af6e9a2f
  languageName: node
  linkType: hard

"accepts@npm:~1.3.4":
  version: 1.3.5
  resolution: "accepts@npm:1.3.5"
  dependencies:
    mime-types: ~2.1.18
    negotiator: 0.6.1
  checksum: 016e19b461c35e22a3bb45468566506c0b41d74383367f93090d8b2d973381ebbffd367ae3bca4eb9fe9e31f44253b32c6d4bff0e5726ca8a1a655b4391f4ae8
  languageName: node
  linkType: hard

"ajv@npm:^5.1.0":
  version: 5.5.2
  resolution: "ajv@npm:5.5.2"
  dependencies:
    co: ^4.6.0
    fast-deep-equal: ^1.0.0
    fast-json-stable-stringify: ^2.0.0
    json-schema-traverse: ^0.3.0
  checksum: 15cb5986bf9450846a83e6e6528204eaf42b181e92864d2ff374a9a32ec1ffea0612e0d405e16a38540dc2e866b93f0927bcc8ec85a6a568d87dbeb69b754e66
  languageName: node
  linkType: hard

"ansi-font@npm:0.0.2":
  version: 0.0.2
  resolution: "ansi-font@npm:0.0.2"
  checksum: 8b43de04810942556ee59e1355f7bcad344816a29a2c7baef8468dddf02dc0da28758c5e3e37e2d284e1b26745d8c7f367bb3b9492e8f7f957086e447683d246
  languageName: node
  linkType: hard

"argparse@npm:^2.0.1":
  version: 2.0.1
  resolution: "argparse@npm:2.0.1"
  checksum: 160b7a25d2a7097fd5fdf25eb8a99e037340078f70e6c7cfdef305837ed14d54570b2b13261bcae26c8cd44ad6e9a7136a0110d815ac65a7891c69c7bf2f4afd
  languageName: node
  linkType: hard

"array-flatten@npm:1.1.1":
  version: 1.1.1
  resolution: "array-flatten@npm:1.1.1"
  checksum: de7a056451ff7891bb1bcda6ce2a50448ca70f63cd0fa7aa90430d288b6dc2931517b6853ce16c473a7f40fa6eaa874e20b6151616db93375471d1ffadfb1d3d
  languageName: node
  linkType: hard

"asn1@npm:~0.2.3":
  version: 0.2.3
  resolution: "asn1@npm:0.2.3"
  checksum: e08ddec559621675c7390df0e1bdf7070635f66b54011f85c3b47ef3de184aae72a3df4c99f42562b9411a3191f61c913125a3d9627f42721b904903ce72bc8d
  languageName: node
  linkType: hard

"assert-plus@npm:1.0.0, assert-plus@npm:^1.0.0":
  version: 1.0.0
  resolution: "assert-plus@npm:1.0.0"
  checksum: 1bda24f67343ccb75a7eee31179c92cf9f79bd6f6bc24101b0ce1495ef979376dd9b0f9b9064812bba564cdade5fbf851ed76b4a44b5e141d49cdaee6ffed6b2
  languageName: node
  linkType: hard

"assertion-error@npm:^1.0.1":
  version: 1.1.0
  resolution: "assertion-error@npm:1.1.0"
  checksum: 7bbc9fa2ff51618b0ea3c4ae13dbafe6dfb71b11c267aa93c749489355f55d0b844403bfc3dc8b9a98b0f21837fa2b59191c8a8f76e65303d06498fab4867f4c
  languageName: node
  linkType: hard

"asynckit@npm:^0.4.0":
  version: 0.4.0
  resolution: "asynckit@npm:0.4.0"
  checksum: a024000b9ddd938e2f27b3cb8188f96a5e1fff58185e98b84862fc4e01de279a547874a800340c2b106bb9de9b0fc61c6c683bc6892abf65e6be29a96addafd3
  languageName: node
  linkType: hard

"aws-sign2@npm:~0.7.0":
  version: 0.7.0
  resolution: "aws-sign2@npm:0.7.0"
  checksum: 7162b9b8fbd4cf451bd889b0ed27fc895f88e6a6cb5c5609de49759ea1a6e31646f86ca8e18d90bea0455c4caa466fc9692c1098a1784d2372a358cb68c1eea6
  languageName: node
  linkType: hard

"aws4@npm:^1.6.0":
  version: 1.7.0
  resolution: "aws4@npm:1.7.0"
  checksum: 39753669b7f869d47e485bf4b384d7c779fd8fba19b9dcdf54420f2d6cc15c6d10c38d154ed7e266b575360d217f2aedd9c79856fdb7389415b1503a5b3691dd
  languageName: node
  linkType: hard

"balanced-match@npm:^1.0.0":
  version: 1.0.0
  resolution: "balanced-match@npm:1.0.0"
  checksum: f515a605fe1b59f476f7477c5e1d53ad55b4f42982fca1d57b6701906f4ad1f1ac90fd6587d92cc1af2edb43eecf979214dd847ee410a6de9db4ebf0dd128d62
  languageName: node
  linkType: hard

"bcrypt-pbkdf@npm:^1.0.0":
  version: 1.0.2
  resolution: "bcrypt-pbkdf@npm:1.0.2"
  dependencies:
    tweetnacl: ^0.14.3
  checksum: 3f57eb99bbc02352f68ff31e446997f4d21cc9a5e5286449dc1fe0116ec5dac5a4aa538967d45714fa9320312d2be8d16126f2d357da1dd40a3d546b96e097ed
  languageName: node
  linkType: hard

"body-parser@npm:1.18.2, body-parser@npm:^1.15.2":
  version: 1.18.2
  resolution: "body-parser@npm:1.18.2"
  dependencies:
    bytes: 3.0.0
    content-type: ~1.0.4
    debug: 2.6.9
    depd: ~1.1.1
    http-errors: ~1.6.2
    iconv-lite: 0.4.19
    on-finished: ~2.3.0
    qs: 6.5.1
    raw-body: 2.3.2
    type-is: ~1.6.15
  checksum: 5937508aa3a46af64db6cee137ec86cf1bfff5f2b37eaa03a7de26f202700546538b14e20bfae394c0ba8dfaa8c14978e64fc4042f1f6d84e23b98817fae8ef8
  languageName: node
  linkType: hard

"brace-expansion@npm:^1.1.7":
  version: 1.1.11
  resolution: "brace-expansion@npm:1.1.11"
  dependencies:
    balanced-match: ^1.0.0
    concat-map: 0.0.1
  checksum: 4c878e25e4858baf801945dfd63eb68feab2e502cf1122f25f3915c0e3bf397af3a93ff6bef0798db41c0d81ef28c08e55daac38058710f749a3b96eee6b8f40
  languageName: node
  linkType: hard

"browser-stdout@npm:1.3.1":
  version: 1.3.1
  resolution: "browser-stdout@npm:1.3.1"
  checksum: 2f91b1ad26f3401ae68801d901754331811e257aeed4ee0eb287cc2ff375c8fffadb2d14a16654eeb0729e3b1ae6d84642ba7a3119880843d774ee1db2b898b3
  languageName: node
  linkType: hard

"bytes@npm:3.0.0":
  version: 3.0.0
  resolution: "bytes@npm:3.0.0"
  checksum: 98d6c0ab36f7a5527226fd928e65495ffd3d53cb22da627eba3300eed36bd283ae3dfdf3a0aa017df13a09115b5b8847e3d51f66c2f0304a262264c86a317c05
  languageName: node
  linkType: hard

"caseless@npm:~0.12.0":
  version: 0.12.0
  resolution: "caseless@npm:0.12.0"
  checksum: 147f48bff9bebf029d7050e2335da3f8d295f26d157edf08d8c3282c804dae04a462c4cd6efa8179755686aa3aeaca5c28f3e7f3559698bc0484c65e46c36c5b
  languageName: node
  linkType: hard

"chai@npm:^4.1.2":
  version: 4.1.2
  resolution: "chai@npm:4.1.2"
  dependencies:
    assertion-error: ^1.0.1
    check-error: ^1.0.1
    deep-eql: ^3.0.0
    get-func-name: ^2.0.0
    pathval: ^1.0.0
    type-detect: ^4.0.0
  checksum: 351433dc6ebb0314e820e0ce9cf9d990f3282c13fd2db8c6955a585443c426177991f1de4d0f07110cd1bc7025d6171f408b783af72cd79dc17084e2535f15b5
  languageName: node
  linkType: hard

"check-error@npm:^1.0.1":
  version: 1.0.2
  resolution: "check-error@npm:1.0.2"
  checksum: 1460ad12da600b277575f53b7512d6e59005a34e3235ae62cfe12ff5d83b68a6ff568841907eb5f041c3f468d1385ea9fcfd22344df02175d28ea8a8b9330940
  languageName: node
  linkType: hard

"co@npm:^4.6.0":
  version: 4.6.0
  resolution: "co@npm:4.6.0"
  checksum: 3f22dbbe0f413ff72831d087d853a81d1137093e12e8ec90b4da2bde5c67bc6bff11b6adeb38ca9fa8704b8cd40dba294948bda3c271bccb74669972b840cc1a
  languageName: node
  linkType: hard

"combined-stream@npm:1.0.6, combined-stream@npm:~1.0.5":
  version: 1.0.6
  resolution: "combined-stream@npm:1.0.6"
  dependencies:
    delayed-stream: ~1.0.0
  checksum: cb75e2309b230a21a697809ee34414c5278f7d4829d3dedcc5090681c512c37d0b0669ae70e626cff0f15f50352e0019d5c58b04676fed10bbea65df3601cf97
  languageName: node
  linkType: hard

"commander@npm:2.15.1":
  version: 2.15.1
  resolution: "commander@npm:2.15.1"
  checksum: 3f19d787955782177639ded2a86ae2e6cb6bc7d025b5a4991b6d6edcfe9bc513481bb05d1444650e264129c268f57b7b955cf557dc215faa879a4ece63a31b22
  languageName: node
  linkType: hard

"concat-map@npm:0.0.1":
  version: 0.0.1
  resolution: "concat-map@npm:0.0.1"
  checksum: 554e28d9ee5aa6e061795473ee092cb3d3a2cbdb76c35416e0bb6e03f136d7d07676da387b2ed0ec4106cedbb6534080d9abc48ecc4a92b76406cf2d0c3c0c4b
  languageName: node
  linkType: hard

"content-disposition@npm:0.5.2":
  version: 0.5.2
  resolution: "content-disposition@npm:0.5.2"
  checksum: 5d54ba7c9a6e865d1fea321e43d9e56be091aa20706f4632a236ebe7824ed3cb0eac314b80e76a9db2092d287d69add03efcaf743068ee0be1f71159c14a134c
  languageName: node
  linkType: hard

"content-type@npm:~1.0.4":
  version: 1.0.4
  resolution: "content-type@npm:1.0.4"
  checksum: ff6e19cbf281c23d5608723a6dc60ac97e2280bd4d21602511283112321e6c1555895e395555e367672b54a0f1585276284b7c3c8be313aca73902ac2f2609fd
  languageName: node
  linkType: hard

"cookie-signature@npm:1.0.6":
  version: 1.0.6
  resolution: "cookie-signature@npm:1.0.6"
  checksum: 305054e102eebd0a483c63aefdc3abf54a9471bed5eb12be56c0dcf35a94110b8a13139b27751ab07a5ef09e9f4190ee67f71e9d3acf1748e6e2f1aed338c987
  languageName: node
  linkType: hard

"cookie@npm:0.3.1":
  version: 0.3.1
  resolution: "cookie@npm:0.3.1"
  checksum: 5fb6caf84d4e1f5684abae2a29d019466166a452539ef43562eaba5bf2f5d40a5cf0d0b4e46614fb8e6b408fd0c718885ba6696ce976e2c53d07216152ec7091
  languageName: node
  linkType: hard

"core-util-is@npm:1.0.2":
  version: 1.0.2
  resolution: "core-util-is@npm:1.0.2"
  checksum: 089015ee3c462dfceba70faa1df83b42a7bb35db26dae6af283247b06fe3216c65fccd9f00eebcaf98300dc31e981d56aae9f90b624f8f6ff1153e235ff88b65
  languageName: node
  linkType: hard

"dashdash@npm:^1.12.0":
  version: 1.14.1
  resolution: "dashdash@npm:1.14.1"
  dependencies:
    assert-plus: ^1.0.0
  checksum: 5959409ee42dc4bdbf3fa384b801ece580ca336658bb0342ffab0099b3fc6bf9b3e239e1b82dcc4fcaeee315353e08f2eae47b0928a6a579391598c44958afa1
  languageName: node
  linkType: hard

"debug@npm:2.6.9":
  version: 2.6.9
  resolution: "debug@npm:2.6.9"
  dependencies:
    ms: 2.0.0
  checksum: 559f44f98cf25e2ee489022aec173afbff746564cb108c4493becb95bc3c017a67bdaa25a0ff64801fd32c35051d00af0e56cc7f762ae2c3bc089496e5a1c31b
  languageName: node
  linkType: hard

"debug@npm:3.1.0":
  version: 3.1.0
  resolution: "debug@npm:3.1.0"
  dependencies:
    ms: 2.0.0
  checksum: 1295acd5e0531761255661d325cd0a80ac8c5f6de8942a53bb23c2197ccb97526972de662ed0e5d9393be83f3428a298a6e7185ecb02f0da6282019cd2ffb4a8
  languageName: node
  linkType: hard

"deep-eql@npm:^3.0.0":
  version: 3.0.1
  resolution: "deep-eql@npm:3.0.1"
  dependencies:
    type-detect: ^4.0.0
  checksum: eff42bc2d4d889dec8fd925fa9c013fa4d641842b98b502f436b9f2865460c8330f79fb7dbdb924a1e844b97b40843ed952f3847fb1e388a35bd4ef6e3d64184
  languageName: node
  linkType: hard

"delayed-stream@npm:~1.0.0":
  version: 1.0.0
  resolution: "delayed-stream@npm:1.0.0"
  checksum: d9dfb0a7c79fd308fada9db2cf29d1ff22047ceb50dd78f7e3c173567909b438f418259cb76a6d9c9f513e88ef41d3a14154f618741ec8368c3efeff616d0c9f
  languageName: node
  linkType: hard

"depd@npm:1.1.1":
  version: 1.1.1
  resolution: "depd@npm:1.1.1"
  checksum: 731d5d103c5609abb6a1653076351b221493b3e54ebe9cebffc0d00da7a0193ed51f159f85d978864ce524b47ab7db031cf1bd7d55b9feaefaf62e39044f59c0
  languageName: node
  linkType: hard

"depd@npm:~1.1.1":
  version: 1.1.2
  resolution: "depd@npm:1.1.2"
  checksum: f45566ff7019a346852f095768a380778ed544de24e103b479fd5d3e61982d670efbb5234c09d0588d7fdb09c26c48283d7150e4be5e6ce5d3d37cd268d75c4d
  languageName: node
  linkType: hard

"destroy@npm:~1.0.4":
  version: 1.0.4
  resolution: "destroy@npm:1.0.4"
  checksum: 5a516fc5a8a8089eecdac11da2339353542be7a71102dc5a1372ef6161501bf5c1ee59ff9f8a3f5f14cc8c88594d606f855f816d46a228ee5e0e5cb2b543534b
  languageName: node
  linkType: hard

"diff@npm:3.5.0":
  version: 3.5.0
  resolution: "diff@npm:3.5.0"
  checksum: b975b73d7e8fa867cc9e68c293c664e14f11391203603e3f4518689c19fe8e391b4d9e4df3df5b3e51adc6cd81bcb414c80c1666e2f6cf66067f60177eec01d1
  languageName: node
  linkType: hard

"ecc-jsbn@npm:~0.1.1":
  version: 0.1.2
  resolution: "ecc-jsbn@npm:0.1.2"
  dependencies:
    jsbn: ~0.1.0
    safer-buffer: ^2.1.0
  checksum: 5b4dd05f24b2b94c1bb882488dba2b878bb5b83182669aa71fbdf53c6941618180cb226c4eb9a3e2fa51ad11f87b5edb0a7d7289cdef468ba2e6024542f73f07
  languageName: node
  linkType: hard

"ee-first@npm:1.1.1":
  version: 1.1.1
  resolution: "ee-first@npm:1.1.1"
  checksum: ba74f91398e3ee3b6d665b2f0d13ad6530e89a7e64ec886a6eec0602fb8a5a274652960e21bd5d4b42fdeb9017d873ff872f50342d38779e955285977edb337c
  languageName: node
  linkType: hard

"encodeurl@npm:~1.0.1":
  version: 1.0.2
  resolution: "encodeurl@npm:1.0.2"
  checksum: 6ee5fcbcd245d2a2b6bd6fe36b80f91e31ab46e29192c50af00e8f860c0c2310ebbdaae40257878fdce90b42abcb3526895c7c3a2e229461ed1f0d0b5a020fc8
  languageName: node
  linkType: hard

"escape-html@npm:~1.0.3":
  version: 1.0.3
  resolution: "escape-html@npm:1.0.3"
  checksum: 900a7f2b80b9f89c85b7a303d1b7a4d354b93e328871414f165f13c5c209a80eab787e3a63429e596877def69fe4dcb3d1b55af655207a901a9ec99f7f148743
  languageName: node
  linkType: hard

"escape-string-regexp@npm:1.0.5":
  version: 1.0.5
  resolution: "escape-string-regexp@npm:1.0.5"
  checksum: f9484b8b4c8827d816e0fd905c25ed4b561376a9c220e1430403ea84619bf680c76a883a48cff8b8e091daf55d6a497e37479f9787b9f15f3c421b6054289744
  languageName: node
  linkType: hard

"etag@npm:~1.8.1":
  version: 1.8.1
  resolution: "etag@npm:1.8.1"
  checksum: f18341a3c12a554ec46c0d4756bc9cae177e92f25a4ebd9ceefebf0ee448b675972fc110879f22b1bf514174713921ae5de9ff77af2062d422b1085588465a57
  languageName: node
  linkType: hard

"express@npm:^4.14.0":
  version: 4.16.2
  resolution: "express@npm:4.16.2"
  dependencies:
    accepts: ~1.3.4
    array-flatten: 1.1.1
    body-parser: 1.18.2
    content-disposition: 0.5.2
    content-type: ~1.0.4
    cookie: 0.3.1
    cookie-signature: 1.0.6
    debug: 2.6.9
    depd: ~1.1.1
    encodeurl: ~1.0.1
    escape-html: ~1.0.3
    etag: ~1.8.1
    finalhandler: 1.1.0
    fresh: 0.5.2
    merge-descriptors: 1.0.1
    methods: ~1.1.2
    on-finished: ~2.3.0
    parseurl: ~1.3.2
    path-to-regexp: 0.1.7
    proxy-addr: ~2.0.2
    qs: 6.5.1
    range-parser: ~1.2.0
    safe-buffer: 5.1.1
    send: 0.16.1
    serve-static: 1.13.1
    setprototypeof: 1.1.0
    statuses: ~1.3.1
    type-is: ~1.6.15
    utils-merge: 1.0.1
    vary: ~1.1.2
  checksum: b64fa12dae491afcdfab10208f66c7921558eb2ca134241ff4f10e726bd7484f88f63b027688a84ddcb8a10b9772b0c570e177c5df0237ad13589f0f6291ba40
  languageName: node
  linkType: hard

"extend@npm:~3.0.1":
  version: 3.0.2
  resolution: "extend@npm:3.0.2"
  checksum: 1406da1f0c4b00b839497e4cdd0ec4303ce2ae349144b7c28064a5073c93ce8c08da4e8fb1bc5cb459ffcdff30a35fc0fe54344eb88320e70100c1baea6f195c
  languageName: node
  linkType: hard

"extsprintf@npm:1.3.0":
  version: 1.3.0
  resolution: "extsprintf@npm:1.3.0"
  checksum: 892efd56aa9b27cbfbca42ad0c59308633f66000e71d1fb19c6989ea7309b32f3ff281778871bd2ce9bc7f3ad02515aa2783cea0323d0f6ff840b7c6a6a4603e
  languageName: node
  linkType: hard

"extsprintf@npm:^1.2.0":
  version: 1.4.0
  resolution: "extsprintf@npm:1.4.0"
  checksum: 092e011574324c5cddd78b5a27f869c2703613c1140eb7763aef8f5b0e33769a9b4c7dbcc50acd39b6afebe79bf66adcec73bf3c84e095c5bcfb42306d128ad0
  languageName: node
  linkType: hard

"fast-deep-equal@npm:^1.0.0":
  version: 1.1.0
  resolution: "fast-deep-equal@npm:1.1.0"
  checksum: 2004bd98393210a75e54bb5aa34efc0d768cadc0b0ce5830a4f816246ddbbfa19fd1d9164949735e1c97fdde024addea3ae028821656b7e216ba45b28b3aefb6
  languageName: node
  linkType: hard

"fast-json-stable-stringify@npm:^2.0.0":
  version: 2.0.0
  resolution: "fast-json-stable-stringify@npm:2.0.0"
  checksum: 6e7fe3b81314f96510fa335fd477858901497edade753f9a0c87201eb78189347346eed346a95608e882c1c41594736afd3fcf0bc6c3a8bacc69d76ed5f481af
  languageName: node
  linkType: hard

"finalhandler@npm:1.1.0":
  version: 1.1.0
  resolution: "finalhandler@npm:1.1.0"
  dependencies:
    debug: 2.6.9
    encodeurl: ~1.0.1
    escape-html: ~1.0.3
    on-finished: ~2.3.0
    parseurl: ~1.3.2
    statuses: ~1.3.1
    unpipe: ~1.0.0
  checksum: c31bcafafd9ea8e4516e7123f7f5723645b0493337dc9778c3622d22ecf280d297e798ee539a6c09a245511c3b48ae203c96dfd3e4e295034d9d7bb4b1c811fa
  languageName: node
  linkType: hard

"forever-agent@npm:~0.6.1":
  version: 0.6.1
  resolution: "forever-agent@npm:0.6.1"
  checksum: 9cc0054dd4ea5fc26e014b8c929d1fb9247e931e81165cbd965a712061d65fb84791b2124f64cd79492e516662b94068d29fe1d824732382237321b3f61955fe
  languageName: node
  linkType: hard

"form-data@npm:~2.3.1":
  version: 2.3.2
  resolution: "form-data@npm:2.3.2"
  dependencies:
    asynckit: ^0.4.0
    combined-stream: 1.0.6
    mime-types: ^2.1.12
  checksum: b4ab90a76126036c98213abd833af78aef9e7c419fb07b70046ea9c246fc2d9c83dfe48f35fd68830645a3eb12d25ac113b160f821b02070e863acc68c12e36d
  languageName: node
  linkType: hard

"forwarded@npm:~0.1.2":
  version: 0.1.2
  resolution: "forwarded@npm:0.1.2"
  checksum: 568d862ad1c514813fc62dc1bd58b8669b16d4ee2e634a6fc71f4849df798883ab94e63d8e1b35a17af51b2b39ca869e672c7310efe42fc7b9bad43a80b5ff87
  languageName: node
  linkType: hard

"fresh@npm:0.5.2":
  version: 0.5.2
  resolution: "fresh@npm:0.5.2"
  checksum: 2f76c8505d1ea5a6d5accea3e7aff0b796bfa43364c84929254f33909fa08640948bd1728220d1ff5f4c2b378a65e97da647f2fe0f2b7ddb44001f6e0dc2e91f
  languageName: node
  linkType: hard

"fs.realpath@npm:^1.0.0":
  version: 1.0.0
  resolution: "fs.realpath@npm:1.0.0"
  checksum: 698a91b1695e3926185c9e5b0dd57cf687dceb4eb73799af91e6b2ab741735e2962c366c5af6403ffddae2619914193bd339efa706fdc984d0ffc74b7a3603f4
  languageName: node
  linkType: hard

"get-func-name@npm:^2.0.0":
  version: 2.0.0
  resolution: "get-func-name@npm:2.0.0"
  checksum: c72d3857cd05338fc61e52c385da67d553e42c226e141da11684aecb3e017a753bf7120411731fbc30768edf68f9c359dc202757703b3a851da54b2b17a9828d
  languageName: node
  linkType: hard

"getpass@npm:^0.1.1":
  version: 0.1.7
  resolution: "getpass@npm:0.1.7"
  dependencies:
    assert-plus: ^1.0.0
  checksum: 2650725bc6939616da8432e5351ca87d8b29421bb8dc19c21bad2c37cd337d2a50d36fcc398ce0c16a075f6079afe114131780dca7e2f4b96063e53e7d28fd7a
  languageName: node
  linkType: hard

"glob@npm:7.1.2":
  version: 7.1.2
  resolution: "glob@npm:7.1.2"
  dependencies:
    fs.realpath: ^1.0.0
    inflight: ^1.0.4
    inherits: 2
    minimatch: ^3.0.4
    once: ^1.3.0
    path-is-absolute: ^1.0.0
  checksum: eeb466da847c75811d6ba5ceb0e1fd857dbecfdef647eba8e71c4047b1882bf2d9b4def072382fa328283b3afb802de64ab240e9a169c1fede3aec53906520bc
  languageName: node
  linkType: hard

"growl@npm:1.10.5":
  version: 1.10.5
  resolution: "growl@npm:1.10.5"
  checksum: e1dae8dde6e43aa7e18c864094f4690b3a48cf45779b9302a18c24b90a7038084ecffb931f89b52ce76fffd72123ae46755c0b5abca541de5eef75879e610257
  languageName: node
  linkType: hard

"har-schema@npm:^2.0.0":
  version: 2.0.0
  resolution: "har-schema@npm:2.0.0"
  checksum: e27ac33a968b8a3b2cc32e53afaec8aa795d08b058ef9b09b3bbce74db7ecadcabf60a6186e3bb901335d2c72bbf9e2af59429d736b5e80dc0edf18b3e1c5860
  languageName: node
  linkType: hard

"har-validator@npm:~5.0.3":
  version: 5.0.3
  resolution: "har-validator@npm:5.0.3"
  dependencies:
    ajv: ^5.1.0
    har-schema: ^2.0.0
  checksum: e02e6c6e37f51244d1cadb9591c9ba265530cb4fb6bdb8f4521f07294e240a74d9c04bc3419081f1d59b03be150e079b47e3d2ba3b48b0ee60b6e94a5553e5ce
  languageName: node
  linkType: hard

"has-flag@npm:^3.0.0":
  version: 3.0.0
  resolution: "has-flag@npm:3.0.0"
  checksum: 63aade480d27aeedb3b5b63a2e069d47d0006bf182338d662e7941cdc024e68a28418e0efa8dc5df30db9c4ee2407f39e6ea3f16cfbc6b83848b450826a28aa0
  languageName: node
  linkType: hard

"he@npm:1.1.1":
  version: 1.1.1
  resolution: "he@npm:1.1.1"
  bin:
    he: bin/he
  checksum: b2b167171cf3eeec7db1c016fc650bc588771841b51f0d04538e700412932a1dc710d150bc629acab25b0ecc6ecf6646014dbf10160782b089651b984a3125fc
  languageName: node
  linkType: hard

"http-errors@npm:1.6.2, http-errors@npm:~1.6.2":
  version: 1.6.2
  resolution: "http-errors@npm:1.6.2"
  dependencies:
    depd: 1.1.1
    inherits: 2.0.3
    setprototypeof: 1.0.3
    statuses: ">= 1.3.1 < 2"
  checksum: 5f46c607364922dd7ea5f6361d27ea530b158e2599994aecfd25ebbe6b13708200df897c5774b09eb197d80fb2741a1be0375b709727b0044e2a29afcbfb690c
  languageName: node
  linkType: hard

"http-signature@npm:~1.2.0":
  version: 1.2.0
  resolution: "http-signature@npm:1.2.0"
  dependencies:
    assert-plus: ^1.0.0
    jsprim: ^1.2.2
    sshpk: ^1.7.0
  checksum: d28227eed37cb0dae0e76c46b2a5e611c678808433e5642238f17dba7f2c9c8f8d1646122d57ec1a110ecc7e8b9f5b7aa0462f1e2a5fa3b41f2fca5a69af7edf
  languageName: node
  linkType: hard

"iconv-lite@npm:0.4.19":
  version: 0.4.19
  resolution: "iconv-lite@npm:0.4.19"
  checksum: ed6e9e1788691fc4c49f8eabcd4911a60b0911652205813ad6760c2182e12d7708f4efa420decdd5af5bf35bc038cf19dabe59f16db90f3b2fcd39853f4c9a54
  languageName: node
  linkType: hard

"inflight@npm:^1.0.4":
  version: 1.0.6
  resolution: "inflight@npm:1.0.6"
  dependencies:
    once: ^1.3.0
    wrappy: 1
  checksum: 17c53fc42cbe7f7f471d2bc41b97a0cde4b79a74d5ff59997d3f75210566fa278e17596da526d43de2bd07e222706240ce50e60097e54f2cde2e64cbbb372638
  languageName: node
  linkType: hard

"inherits@npm:2, inherits@npm:2.0.3":
  version: 2.0.3
  resolution: "inherits@npm:2.0.3"
  checksum: 9488f9433effbc24474f6baee8014e5337c7f99305ecb4204fa5864ae7655c24225780d87fc65ed8d3d374715a18c5dc8c69fe3bf9745cde2e7acd0ac068a07b
  languageName: node
  linkType: hard

"ipaddr.js@npm:1.6.0":
  version: 1.6.0
  resolution: "ipaddr.js@npm:1.6.0"
  checksum: 9847eac63b9fdcefd77bded80e41169ff423c72638e9dd9a4bc9331f698abda8c534b5ca1f7749af65a4c404a8b390f73132cce97aa5e4dcb477c9d2d6dcd8c5
  languageName: node
  linkType: hard

"is-typedarray@npm:~1.0.0":
  version: 1.0.0
  resolution: "is-typedarray@npm:1.0.0"
  checksum: 4e21156e7360a5916eded35c5938adf6278299a8055640864eebb251e4351cd605beccddf9af27477e19f753d453412fe0c21379bb54b55cfdf5add263076959
  languageName: node
  linkType: hard

"isstream@npm:~0.1.2":
  version: 0.1.2
  resolution: "isstream@npm:0.1.2"
  checksum: 8e6e5c4cf1823562db7035d2e7bac388412060fe9bc6727eca8c608def5aa57709165c51c2e68a2fce6ff0b64d79489501b84715060c5e8a477b87b6cbcd1eca
  languageName: node
  linkType: hard

"js-yaml@npm:^4.1.0":
  version: 4.1.0
  resolution: "js-yaml@npm:4.1.0"
  dependencies:
    argparse: ^2.0.1
  bin:
    js-yaml: bin/js-yaml.js
  checksum: 8973cf4296c944cc2551d1e3d3d064e7de0d0a6db3f7bafe40339ee9e5e0329560b52c4b8492b9b22365404c9be0822b62340ab49884e1dedfcc7ff80158abe0
  languageName: node
  linkType: hard

"jsbn@npm:~0.1.0":
  version: 0.1.1
  resolution: "jsbn@npm:0.1.1"
  checksum: b530d48a64e6aff9523407856a54c5b9beee30f34a410612057f4fa097d90072fc8403c49604dacf0c3e7620dca43c2b7f0de3f954af611e43716a254c46f6f5
  languageName: node
  linkType: hard

"json-schema-traverse@npm:^0.3.0":
  version: 0.3.1
  resolution: "json-schema-traverse@npm:0.3.1"
  checksum: 0e3c0664cfd1a2416c80d941144d83e37a01bb95c6e19b4ba27eda0c75b95cd2256456a9434b2830a7ef6bbeccd90cfec7cdac06ef7bd4d240d31d97b36f5abe
  languageName: node
  linkType: hard

"json-schema@npm:0.2.3":
  version: 0.2.3
  resolution: "json-schema@npm:0.2.3"
  checksum: d382ea841f0af5cf6ae3b63043c6ddbd144086de52342b5dd32d8966872dce1e0ed280f6b27c5fba97e50cf8640f27b593e039cb95df365718ada03ef0feb9f2
  languageName: node
  linkType: hard

"json-stringify-safe@npm:~5.0.1":
  version: 5.0.1
  resolution: "json-stringify-safe@npm:5.0.1"
  checksum: 261dfb8eb3e72c8b0dda11fd7c20c151ffc1d1b03e529245d51708c8dd8d8c6a225880464adf41a570dff6e5c805fd9d1f47fed948cfb526e4fbe5a67ce4e5f4
  languageName: node
  linkType: hard

"jsprim@npm:^1.2.2":
  version: 1.4.1
  resolution: "jsprim@npm:1.4.1"
  dependencies:
    assert-plus: 1.0.0
    extsprintf: 1.3.0
    json-schema: 0.2.3
    verror: 1.10.0
  checksum: ee0177b7ef39e6becf18c586d31fabe15d62be88e7867d3aff86466e4a3de9a2cd47b6e597417aebc1cd3c2d43bc662e79ab5eecdadf3ce0643e909432ed6d2c
  languageName: node
  linkType: hard

"media-typer@npm:0.3.0":
  version: 0.3.0
  resolution: "media-typer@npm:0.3.0"
  checksum: be1c825782df7f38eebd451d778f6407bb15a59c8807a69e7f2ad74a25440e474536441c6bf583fdf2803ea23b866e91ff68f565cda297211dd89147758c8df3
  languageName: node
  linkType: hard

"merge-descriptors@npm:1.0.1":
  version: 1.0.1
  resolution: "merge-descriptors@npm:1.0.1"
  checksum: 2d2a09eaac840a7ceac7a13b44b7c8abf3ecccd93a609c3525d8290cb5d814336cc7c0b1dd485ae3bc471ed354eeefb153475ce2e1604ccdf79eebe74021c192
  languageName: node
  linkType: hard

"methods@npm:~1.1.2":
  version: 1.1.2
  resolution: "methods@npm:1.1.2"
  checksum: 450e4ea0fd4a0f3de8c0593d753c7d6c8f2ee49766f5ef35c68cc2ac41699d5e295b7d6330fc2b7271b8569a07857e3eb0b5df0599a353c5808265b4b5066168
  languageName: node
  linkType: hard

"mime-db@npm:~1.33.0":
  version: 1.33.0
  resolution: "mime-db@npm:1.33.0"
  checksum: f33acedd5b2bfd57fe987aa01c209abd3c6f762c6746c2a1ffefa77f8c10d39a2af9a591bd44f39f8d42a5ee30e43407cfd8535392773f211c2c7d7b6def90d4
  languageName: node
  linkType: hard

"mime-db@npm:~1.35.0":
  version: 1.35.0
  resolution: "mime-db@npm:1.35.0"
  checksum: 44098681ae89e4404ec24e613caddab98bb9decd4190cff42235b278e78e5c76e7fb0341ca40a07966dba43a28c2c6f54e6aab0df6fe99005b907648db63312a
  languageName: node
  linkType: hard

"mime-types@npm:^2.1.12, mime-types@npm:~2.1.17":
  version: 2.1.19
  resolution: "mime-types@npm:2.1.19"
  dependencies:
    mime-db: ~1.35.0
  checksum: 9098b81b085fd0517830efe0deea10d2fbcbefef5492b71c162f7adbfb71b954603048dce8e3f64fa1d20d9b6aa95a3bcdbec7e8c6df21787ffe1e6764318259
  languageName: node
  linkType: hard

"mime-types@npm:~2.1.18":
  version: 2.1.18
  resolution: "mime-types@npm:2.1.18"
  dependencies:
    mime-db: ~1.33.0
  checksum: f1e2fed4f9d04a0d158c48b42f8ac5f1a655b27399674f7bd9f16e6784221ec4c2d30b20f24174f741ee6aa2556170f63b3ec9f51cb4e99e0a04c56799c8317c
  languageName: node
  linkType: hard

"mime@npm:1.4.1":
  version: 1.4.1
  resolution: "mime@npm:1.4.1"
  bin:
    mime: cli.js
  checksum: 01f74d90a2d91c919436958c4af940d145e00a3b7c57f98cc65f1a70dbecd02fb41c6b74ac5433ae9fe787f1841aaaed412bce259a848b5fc76fc66c0c2a6381
  languageName: node
  linkType: hard

"minimatch@npm:3.0.4, minimatch@npm:^3.0.4":
  version: 3.0.4
  resolution: "minimatch@npm:3.0.4"
  dependencies:
    brace-expansion: ^1.1.7
  checksum: 47eab9263962cacd5733e274ecad2d8e54b0f8e124ba35ae69189e296058f634a4967b87a98954f86fa5c830ff177caf827ce0136d28717ed3232951fb4fae62
  languageName: node
  linkType: hard

"minimist@npm:0.0.8":
  version: 0.0.8
  resolution: "minimist@npm:0.0.8"
  checksum: d71c4684bce92f9c0500e103498adb5e45bbda551763132a703306c2dab6f3a1f69eb6448c3ff3ea73fb562285dfd6ee3a354d5c0e5dd52e3d5f3037c82c0935
  languageName: node
  linkType: hard

"mkdirp@npm:0.5.1":
  version: 0.5.1
  resolution: "mkdirp@npm:0.5.1"
  dependencies:
    minimist: 0.0.8
  bin:
    mkdirp: bin/cmd.js
  checksum: 8ef65f4f0c7642b2f6e7af417eb9f3f24e8d1e4d612eddc5b1ee3b0ef974ccfaafb38bba6cc9178510c5aae82a6ef9ad85037448c9856b2fb8308162a7c8987e
  languageName: node
  linkType: hard

"mocha@npm:^5.2.0":
  version: 5.2.0
  resolution: "mocha@npm:5.2.0"
  dependencies:
    browser-stdout: 1.3.1
    commander: 2.15.1
    debug: 3.1.0
    diff: 3.5.0
    escape-string-regexp: 1.0.5
    glob: 7.1.2
    growl: 1.10.5
    he: 1.1.1
    minimatch: 3.0.4
    mkdirp: 0.5.1
    supports-color: 5.4.0
  bin:
    _mocha: ./bin/_mocha
    mocha: ./bin/mocha
  checksum: d00416391e21cc6906781634a6128c544449eadc1b0a9dfbcde19c7e87e732da23dd9b09ed79dfc3b0ca830da3e865100437a1bd4eb63ae669c713902c266d5c
  languageName: node
  linkType: hard

"ms@npm:2.0.0":
  version: 2.0.0
  resolution: "ms@npm:2.0.0"
  checksum: 1a230340cc7f322fbe916783d8c8d60455407c6b7fb7f901d6ee34eb272402302c5c7f070a97b8531245cbb4ca6a0a623f6a128d7e5a5440cefa2c669c0b35bb
  languageName: node
  linkType: hard

"negotiator@npm:0.6.1":
  version: 0.6.1
  resolution: "negotiator@npm:0.6.1"
  checksum: 07ea080abd7c19b10d74a54de069190a3ea074235a560797ad71ca1bb5909cd5e6485ae673c82d1b998bb3406399dbbf27e182d5f4ba23dd2fcb8cd281b848aa
  languageName: node
  linkType: hard

"oauth-sign@npm:~0.8.2":
  version: 0.8.2
  resolution: "oauth-sign@npm:0.8.2"
  checksum: 0977ded5f411a8d5294d5f6fcee9f8f7cf39455af9d05b37f0f0dab37ad75b79516073104e44e38a93f3c21a7abff712c5820ccb8e73b22491eca1162ed0fed9
  languageName: node
  linkType: hard

"on-finished@npm:~2.3.0":
  version: 2.3.0
  resolution: "on-finished@npm:2.3.0"
  dependencies:
    ee-first: 1.1.1
  checksum: 362e64608287d31ffd96a15fb9305a410b3e4d07c86f277fae907e38af46bc6f5ff948de90eabb81dc5632ca7f9a290085acc5410c378053dfa9860451d97ee5
  languageName: node
  linkType: hard

"once@npm:^1.3.0":
  version: 1.4.0
  resolution: "once@npm:1.4.0"
  dependencies:
    wrappy: 1
  checksum: 57afc246536cf6494437f982b26475f22bee860f8b77ce8eb1543f42a8bffe04b2c66ddfea9a16cb25ccb80943f8ee4fc639367ef97b7a6a4f2672eb573963f5
  languageName: node
  linkType: hard

"parseurl@npm:~1.3.2":
  version: 1.3.2
  resolution: "parseurl@npm:1.3.2"
  checksum: b1ff2425c6f20b9756a5c1c724ea2bd5cc1edf7d765718675069f55404087fb1f2b7d161c374af71272bbd021bfc161fef40ea7d89924862f79900417631c11d
  languageName: node
  linkType: hard

"path-is-absolute@npm:^1.0.0":
  version: 1.0.1
  resolution: "path-is-absolute@npm:1.0.1"
  checksum: 907e1e3e6ac0aef6e65adffd75b3892191d76a5b94c5cf26b43667c4240531d11872ca6979c209b2e5e1609f7f579d02f64ba9936b48bb59d36cc529f0d965ed
  languageName: node
  linkType: hard

"path-to-regexp@npm:0.1.7":
  version: 0.1.7
  resolution: "path-to-regexp@npm:0.1.7"
  checksum: 342fdb0ca48415d6eccdbe6d4180fd0fa4786ccc96ab3f74fcdf7acfc99e075af25e6077c8086c341dcfb4f5f84401ecd21e6cd7b24e0c3b556fb7ffb2570da7
  languageName: node
  linkType: hard

"pathval@npm:^1.0.0":
  version: 1.1.0
  resolution: "pathval@npm:1.1.0"
  checksum: 31c3fb2b0763f357e2cf4bfd398b7423f2875184b2feebadf85854e860a06fb057a485add5450f6661c2282063e62e1eb22abb4e1241a461a3795dae18667fda
  languageName: node
  linkType: hard

"performance-now@npm:^2.1.0":
  version: 2.1.0
  resolution: "performance-now@npm:2.1.0"
  checksum: bb4ebed0b03d6c3ad3ae4eddd1182c895d385cff9096af441c19c130aaae3ea70229438ebc3297dfc52c86022f6becf177a810050823d01bf5280779cd2de624
  languageName: node
  linkType: hard

"proxy-addr@npm:~2.0.2":
  version: 2.0.3
  resolution: "proxy-addr@npm:2.0.3"
  dependencies:
    forwarded: ~0.1.2
    ipaddr.js: 1.6.0
  checksum: fcdfb403b5cb543a1d30298973f07e0d2b3f4741e4b62f9bed143b0187f9bf6819d0d945ec7aa0e45d4293924c20d05f4f910eda176fa17e62f50969e9282d70
  languageName: node
  linkType: hard

"punycode@npm:^1.4.1":
  version: 1.4.1
  resolution: "punycode@npm:1.4.1"
  checksum: 5ce1e044cee2b12f1c65ccd523d7e71d6578f2c77f5c21c2e7a9d588535559c9508571d42638c131dab93cbe9a7b37bce1a7475d43fc8236c99dfe1efc36cfa5
  languageName: node
  linkType: hard

"qs@npm:6.5.1":
  version: 6.5.1
  resolution: "qs@npm:6.5.1"
  checksum: d6e89373a4ff03e6c4d9e35509218bf420e8aa3b07f7fbb9050fa8b4d04a9618bc60a5873b5d197ab0ebca171ca9cb81047b16d614dba347f4c99ffdbfdaca9a
  languageName: node
  linkType: hard

"qs@npm:~6.5.1":
  version: 6.5.2
  resolution: "qs@npm:6.5.2"
  checksum: fa0410eff2c05ce3328e11f82db4015e7819c986ee056d6b62b06ae112f4929af09ea3b879ca168ff9f0338f50972bba487ad0e46c879e42bfaf63c3c2ea7f09
  languageName: node
  linkType: hard

"range-parser@npm:~1.2.0":
  version: 1.2.0
  resolution: "range-parser@npm:1.2.0"
  checksum: 8260023192a5def4c6db4ced82e6546306937f1202417b846f2e8b565426e71697086f509a070f66fd23a57e9f96aba108f08d16d4be23d418c8c68a73b539bd
  languageName: node
  linkType: hard

"raw-body@npm:2.3.2":
  version: 2.3.2
  resolution: "raw-body@npm:2.3.2"
  dependencies:
    bytes: 3.0.0
    http-errors: 1.6.2
    iconv-lite: 0.4.19
    unpipe: 1.0.0
  checksum: 2f81630bcf074e6e5f99d1c0ad796ce69e4c26b5ecdce30b3bce79a9027f6905477276b0be5c55db237f3b55d0b01b2fed04717f26e5b3caa84997452b0e6c73
  languageName: node
  linkType: hard

"request@npm:^2.87.0":
  version: 2.87.0
  resolution: "request@npm:2.87.0"
  dependencies:
    aws-sign2: ~0.7.0
    aws4: ^1.6.0
    caseless: ~0.12.0
    combined-stream: ~1.0.5
    extend: ~3.0.1
    forever-agent: ~0.6.1
    form-data: ~2.3.1
    har-validator: ~5.0.3
    http-signature: ~1.2.0
    is-typedarray: ~1.0.0
    isstream: ~0.1.2
    json-stringify-safe: ~5.0.1
    mime-types: ~2.1.17
    oauth-sign: ~0.8.2
    performance-now: ^2.1.0
    qs: ~6.5.1
    safe-buffer: ^5.1.1
    tough-cookie: ~2.3.3
    tunnel-agent: ^0.6.0
    uuid: ^3.1.0
  checksum: b3df5de02b36949d1e194439f230ae33a67325fe23ca7afc0bd2c431b4510b7285dfb8c2cf9eea6f7be40d1c5928d678bde1bf6aa952f1de034570e8ac842b8a
  languageName: node
  linkType: hard

"safe-buffer@npm:5.1.1":
  version: 5.1.1
  resolution: "safe-buffer@npm:5.1.1"
  checksum: e09911f17fc9ef1dc8efd00bac94c592f2c41ff4ae6328455b27c3d1cebea55e475f9910fff8149123044567b92062ee65deca875d69d9a3ce8e6bf2b4336db4
  languageName: node
  linkType: hard

"safe-buffer@npm:^5.0.1, safe-buffer@npm:^5.1.1":
  version: 5.1.2
  resolution: "safe-buffer@npm:5.1.2"
  checksum: 2708587c1b5e70a5e420714ceb59f30f5791c6e831d39812125a008eca63a4ac18578abd020a0776ea497ff03b4543f2b2a223a7b9073bf2d6c7af9ec6829218
  languageName: node
  linkType: hard

"safer-buffer@npm:^2.0.2, safer-buffer@npm:^2.1.0":
  version: 2.1.2
  resolution: "safer-buffer@npm:2.1.2"
  checksum: 549ba83f5b314b59898efe3422120ce1ca7987a6eae5925a5fa5db930dc414d4a9dde0a5594f89638cd6ea60b6840ea961872908933ac2428d1726489db46fa5
  languageName: node
  linkType: hard

"send@npm:0.16.1":
  version: 0.16.1
  resolution: "send@npm:0.16.1"
  dependencies:
    debug: 2.6.9
    depd: ~1.1.1
    destroy: ~1.0.4
    encodeurl: ~1.0.1
    escape-html: ~1.0.3
    etag: ~1.8.1
    fresh: 0.5.2
    http-errors: ~1.6.2
    mime: 1.4.1
    ms: 2.0.0
    on-finished: ~2.3.0
    range-parser: ~1.2.0
    statuses: ~1.3.1
  checksum: fe217dccb991bcc88fd83f6df687c5f486875fbe65e6cd3cb10f5c74d1ccc6f29aeb2f96e8b5709d5c2a5916240e826f51584ec6bd5f45830d7b9b08cac2799b
  languageName: node
  linkType: hard

"serve-static@npm:1.13.1":
  version: 1.13.1
  resolution: "serve-static@npm:1.13.1"
  dependencies:
    encodeurl: ~1.0.1
    escape-html: ~1.0.3
    parseurl: ~1.3.2
    send: 0.16.1
  checksum: cbd942f92b650fb3e6cc356b70cbc66a417ee6dbe4e726e769a6802f62f70d8a465899869bc96f284186005cb45973bc5dfa0900b984d7fe083d2ef744b1e46d
  languageName: node
  linkType: hard

"setprototypeof@npm:1.0.3":
  version: 1.0.3
  resolution: "setprototypeof@npm:1.0.3"
  checksum: 91b75013410561d8cd5d43dd6f0c8aa4db222ca6d9914e9ea8bb92881d9bbc9b9fc649f02024bc224c79c4133afa1f4068915c674d6944e022007813ff6945ef
  languageName: node
  linkType: hard

"setprototypeof@npm:1.1.0":
  version: 1.1.0
  resolution: "setprototypeof@npm:1.1.0"
  checksum: 8a3fb2ff4bf7daf0f8fb0e52d87d6e3dc387599e1c7a42833fddc1d711e87f7f187a6f957137a435ae154a98877e4357569f1fb48f3d17e96242621cd469e1f6
  languageName: node
  linkType: hard

"sshpk@npm:^1.7.0":
  version: 1.14.2
  resolution: "sshpk@npm:1.14.2"
  dependencies:
    asn1: ~0.2.3
    assert-plus: ^1.0.0
    bcrypt-pbkdf: ^1.0.0
    dashdash: ^1.12.0
    ecc-jsbn: ~0.1.1
    getpass: ^0.1.1
    jsbn: ~0.1.0
    safer-buffer: ^2.0.2
    tweetnacl: ~0.14.0
  dependenciesMeta:
    bcrypt-pbkdf:
      optional: true
    ecc-jsbn:
      optional: true
    jsbn:
      optional: true
    tweetnacl:
      optional: true
  bin:
    sshpk-conv: bin/sshpk-conv
    sshpk-sign: bin/sshpk-sign
    sshpk-verify: bin/sshpk-verify
  checksum: 6d9bf678a20008f8532db26255c6891dec34e5098d018faabce384d10d85d53d76a35c6d95e99c6bd5fdd8c5d589519a85b366db65786927b73a884a21dc2f92
  languageName: node
  linkType: hard

"statuses@npm:>= 1.3.1 < 2":
  version: 1.4.0
  resolution: "statuses@npm:1.4.0"
  checksum: f90d393f771ee85a756826d117b37af0057bf0506e00c13139486c1e5275e21e5c043654a0b7f773342eac194a1087c937da1dd199bb461e81a1eff781ad2558
  languageName: node
  linkType: hard

"statuses@npm:~1.3.1":
  version: 1.3.1
  resolution: "statuses@npm:1.3.1"
  checksum: c6729133aef058ac09e4cc2249b372866f6d60ccae5afbf219e68b4ae3549afa7128a9d52db7d829b662af938380853240f522646b46f779d47379578b30fcd2
  languageName: node
  linkType: hard

"supports-color@npm:5.4.0":
  version: 5.4.0
  resolution: "supports-color@npm:5.4.0"
  dependencies:
    has-flag: ^3.0.0
  checksum: 4ca1281927b0f7fe9a95dae1249deb805d156cd13dd38234f2d0f80682aa6337b5cbd0fb2c16703e02efb149c2ff6f0587a912850f5156b32e6f53e6051c8ad5
  languageName: node
  linkType: hard

"test@npm:^0.6.0":
  version: 0.6.0
  resolution: "test@npm:0.6.0"
  dependencies:
    ansi-font: 0.0.2
  checksum: 275aa4b06d2b68bc3d2a6d8a2da5eef8a9a50df38f9e57dfc7768c7d8c5ddfc7482757405bf86b21c9d39af105288a44ba9c4a0380b2f6a475bc3500e9bb81c5
  languageName: node
  linkType: hard

"tough-cookie@npm:~2.3.3":
  version: 2.3.4
  resolution: "tough-cookie@npm:2.3.4"
  dependencies:
    punycode: ^1.4.1
  checksum: 8e53f716d552bee690a01eb8137b0cbb11111331f25f12bbe5acd29b49095f263ada600413a1d00ea71670a00564a5b0dceb01d4f47d3a632afc1c22dfaea0c8
  languageName: node
  linkType: hard

"tunnel-agent@npm:^0.6.0":
  version: 0.6.0
  resolution: "tunnel-agent@npm:0.6.0"
  dependencies:
    safe-buffer: ^5.0.1
  checksum: 03db75a4f994fee610d3485c492e95105ed265a9fecd49d14c98e9982f973ecc0220d0c1bc264e37802e423a1274bb63788a873e4e07009408ae3ac517347fd7
  languageName: node
  linkType: hard

"tweetnacl@npm:^0.14.3, tweetnacl@npm:~0.14.0":
  version: 0.14.5
  resolution: "tweetnacl@npm:0.14.5"
  checksum: e1c9d52e2e9f582fd0df9ea26ba5a9ab88b9a38b69625d8e55c5e8870a4832ac8c32f8854b41fce7b59f97258bb103535363f9eda7050aa70e75824b972c7dde
  languageName: node
  linkType: hard

"type-detect@npm:^4.0.0":
  version: 4.0.8
  resolution: "type-detect@npm:4.0.8"
  checksum: e01dc6ac9098192a7859fb86c7b4073709a4e13a5cc02c54d54412378bb099563fda7a7a85640f33e3a7c2e8189182eb1511f263e67f402b2d63fe81afdde785
  languageName: node
  linkType: hard

"type-is@npm:~1.6.15":
  version: 1.6.16
  resolution: "type-is@npm:1.6.16"
  dependencies:
    media-typer: 0.3.0
    mime-types: ~2.1.18
  checksum: 2044ced2f47cbb51cfb47bc5de10951f9b7c98bb503f53bc749edf68dbdfb0f6e201aeb5690a60d547dc57ab4ac5ade3088e8041632e5363e9f115eb85ea2e92
  languageName: node
  linkType: hard

"unpipe@npm:1.0.0, unpipe@npm:~1.0.0":
  version: 1.0.0
  resolution: "unpipe@npm:1.0.0"
  checksum: ba244e8bf640475b2143af95be5d71353cd4d238d63abf5dfe700c67841f066eb0819fc60dee7f2348ef647a5644a06ba024b9a0ab6d399fc07a05eb72a30ac7
  languageName: node
  linkType: hard

"utils-merge@npm:1.0.1":
  version: 1.0.1
  resolution: "utils-merge@npm:1.0.1"
  checksum: a457956ebc09efbda05da8bf213ab89140bb9dffa3c42b3315dd8fc3c45d67a1b802741f58b7bba4872113201fc275fc86470289d8bd32b74297b5e5b5980705
  languageName: node
  linkType: hard

"uuid@npm:^3.1.0":
  version: 3.3.2
  resolution: "uuid@npm:3.3.2"
  bin:
    uuid: ./bin/uuid
  checksum: f407d974ca30b20bfbd32ae9cc05d20e18df5fd9e5fa088d91db04a6597125dcc8d09eeeb7237782724daba36418e24f557e0245e6ce7b8e4ad25d6436f1cde1
  languageName: node
  linkType: hard

"vary@npm:~1.1.2":
  version: 1.1.2
  resolution: "vary@npm:1.1.2"
  checksum: 591f059f727ac1ba0d97cb7767f8583a03fcbb07db7be2b7dce838ede520ec0e958a41cb19077054769077fdc49a9b9a2dc391c83426bfee89c054b8cc7404bf
  languageName: node
  linkType: hard

"verror@npm:1.10.0":
  version: 1.10.0
  resolution: "verror@npm:1.10.0"
  dependencies:
    assert-plus: ^1.0.0
    core-util-is: 1.0.2
    extsprintf: ^1.2.0
  checksum: 38ea80312cb42e5e8b4ac562d108d675b2354a79f8f125d363671f692657461b9181fd26f4fc9acdca433f8afee099cb78058806e1303e6b15b8fb022affba94
  languageName: node
  linkType: hard

"wrappy@npm:1":
  version: 1.0.2
  resolution: "wrappy@npm:1.0.2"
  checksum: 519fcda0fcdf0c16327be2de9d98646742307bc830277e8868529fcf7566f2b330a6453c233e0cdcb767d5838dd61a90984a02ecc983bcddebea5ad0833bbf98
  languageName: node
  linkType: hard

"yarn-parser@workspace:.":
  version: 0.0.0-use.local
  resolution: "yarn-parser@workspace:."
  dependencies:
    "@yarnpkg/lockfile": ^1.0.0
    body-parser: ^1.15.2
    chai: ^4.1.2
    express: ^4.14.0
    js-yaml: ^4.1.0
    mocha: ^5.2.0
    request: ^2.87.0
    test: ^0.6.0
  languageName: unknown
  linkType: soft
